{
  "name": "resize-js-demo",
  "version": "1.0.0",
  "lockfileVersion": 1,
  "requires": true,
  "dependencies": {
    "glur": {
      "version": "1.1.2",
      "resolved": "https://registry.npmjs.org/glur/-/glur-1.1.2.tgz",
      "integrity": "sha1-8g6jbbEDv8KSNDkh8fkeg8NGdok="
    },
    "inherits": {
      "version": "2.0.3",
      "resolved": "https://registry.npmjs.org/inherits/-/inherits-2.0.3.tgz",
      "integrity": "sha1-Yzwsg+PaQqUC9SRmAiSA9CCCYd4="
    },
    "multimath": {
      "version": "1.0.3",
      "resolved": "https://registry.npmjs.org/multimath/-/multimath-1.0.3.tgz",
      "integrity": "sha512-Pfkai+VVbWSBL2XyzKIisZ2HFJ4a6lTWoyfjUUMu34bFkewmmYuG9/mB6l8/7O/Zs2Ap3u81ueKxTHoOmkZp4Q==",
      "requires": {
        "glur": "^1.1.2",
        "object-assign": "^4.1.1"
      }
    },
    "object-assign": {
      "version": "4.1.1",
      "resolved": "https://registry.npmjs.org/object-assign/-/object-assign-4.1.1.tgz",
      "integrity": "sha1-IQmtx5ZYh8/AXLvUQsrIv7s2CGM="
    },
    "pica": {
      "version": "5.0.0",
      "resolved": "https://registry.npmjs.org/pica/-/pica-5.0.0.tgz",
      "integrity": "sha512-g+Ik3Co+2ybRYOrh77xUz+BsFF+anyAdqX+XRGTWbEW6u7CbNA6/m2wKAiloZPFngmomh6HOKcY9AperpV5Zzg==",
      "requires": {
        "inherits": "^2.0.3",
        "multimath": "^1.0.3",
        "object-assign": "^4.1.1",
        "webworkify": "^1.5.0"
      }
    },
    "webworkify": {
      "version": "1.5.0",
      "resolved": "https://registry.npmjs.org/webworkify/-/webworkify-1.5.0.tgz",
      "integrity": "sha512-AMcUeyXAhbACL8S2hqqdqOLqvJ8ylmIbNwUIqQujRSouf4+eUFaXbG6F1Rbu+srlJMmxQWsiU7mOJi0nMBfM1g=="
    }
  }
}
